// !$*UTF8*$!
{
	archiveVersion = 1;
	classes = {
	};
	objectVersion = 55;
	objects = {

/* Begin PBXBuildFile section */
		41921E3E280D6B1C0012272F /* AppDelegate.swift in Sources */ = {isa = PBXBuildFile; fileRef = 41921E3D280D6B1C0012272F /* AppDelegate.swift */; };
		41921E40280D6B1C0012272F /* SceneDelegate.swift in Sources */ = {isa = PBXBuildFile; fileRef = 41921E3F280D6B1C0012272F /* SceneDelegate.swift */; };
		41921E42280D6B1C0012272F /* ViewController.swift in Sources */ = {isa = PBXBuildFile; fileRef = 41921E41280D6B1C0012272F /* ViewController.swift */; };
		41921E45280D6B1C0012272F /* Main.storyboard in Resources */ = {isa = PBXBuildFile; fileRef = 41921E43280D6B1C0012272F /* Main.storyboard */; };
		41921E47280D6B1E0012272F /* Assets.xcassets in Resources */ = {isa = PBXBuildFile; fileRef = 41921E46280D6B1E0012272F /* Assets.xcassets */; };
		41921E4A280D6B1E0012272F /* LaunchScreen.storyboard in Resources */ = {isa = PBXBuildFile; fileRef = 41921E48280D6B1E0012272F /* LaunchScreen.storyboard */; };
		41921E55280D6B1E0012272F /* InstaKiloTests.swift in Sources */ = {isa = PBXBuildFile; fileRef = 41921E54280D6B1E0012272F /* InstaKiloTests.swift */; };
		41921E5F280D6B1E0012272F /* InstaKiloUITests.swift in Sources */ = {isa = PBXBuildFile; fileRef = 41921E5E280D6B1E0012272F /* InstaKiloUITests.swift */; };
		41921E61280D6B1E0012272F /* InstaKiloUITestsLaunchTests.swift in Sources */ = {isa = PBXBuildFile; fileRef = 41921E60280D6B1E0012272F /* InstaKiloUITestsLaunchTests.swift */; };
		41921E6F280E7F200012272F /* Enviroment.swift in Sources */ = {isa = PBXBuildFile; fileRef = 41921E6E280E7F200012272F /* Enviroment.swift */; };
		41921E73280E82120012272F /* Debug.xcconfig in Resources */ = {isa = PBXBuildFile; fileRef = 41921E72280E82120012272F /* Debug.xcconfig */; };
		41D3AD3E280EAF2F002B8FD0 /* HapticFeed.swift in Sources */ = {isa = PBXBuildFile; fileRef = 41D3AD3D280EAF2F002B8FD0 /* HapticFeed.swift */; };
		41D3AD41280EB11B002B8FD0 /* StoreReviewHelper.swift in Sources */ = {isa = PBXBuildFile; fileRef = 41D3AD40280EB11B002B8FD0 /* StoreReviewHelper.swift */; };
		41D3AD59280EBA2B002B8FD0 /* Utilities.swift in Sources */ = {isa = PBXBuildFile; fileRef = 41D3AD58280EBA2B002B8FD0 /* Utilities.swift */; };
		41D3AD64280EBBB1002B8FD0 /* Date.swift in Sources */ = {isa = PBXBuildFile; fileRef = 41D3AD5B280EBBB0002B8FD0 /* Date.swift */; };
		41D3AD65280EBBB1002B8FD0 /* Array.swift in Sources */ = {isa = PBXBuildFile; fileRef = 41D3AD5C280EBBB0002B8FD0 /* Array.swift */; };
		41D3AD66280EBBB1002B8FD0 /* NSAttributedString.swift in Sources */ = {isa = PBXBuildFile; fileRef = 41D3AD5D280EBBB0002B8FD0 /* NSAttributedString.swift */; };
		41D3AD67280EBBB1002B8FD0 /* Int.swift in Sources */ = {isa = PBXBuildFile; fileRef = 41D3AD5E280EBBB0002B8FD0 /* Int.swift */; };
		41D3AD68280EBBB1002B8FD0 /* String.swift in Sources */ = {isa = PBXBuildFile; fileRef = 41D3AD5F280EBBB0002B8FD0 /* String.swift */; };
		41D3AD69280EBBB1002B8FD0 /* Double.swift in Sources */ = {isa = PBXBuildFile; fileRef = 41D3AD60280EBBB0002B8FD0 /* Double.swift */; };
		41D3AD6A280EBBB1002B8FD0 /* Bool.swift in Sources */ = {isa = PBXBuildFile; fileRef = 41D3AD61280EBBB0002B8FD0 /* Bool.swift */; };
		41D3AD6B280EBBB1002B8FD0 /* Optional.swift in Sources */ = {isa = PBXBuildFile; fileRef = 41D3AD62280EBBB0002B8FD0 /* Optional.swift */; };
		41D3AD6C280EBBB1002B8FD0 /* Float.swift in Sources */ = {isa = PBXBuildFile; fileRef = 41D3AD63280EBBB0002B8FD0 /* Float.swift */; };
		41D3AD7A280EBBD1002B8FD0 /* UIView.swift in Sources */ = {isa = PBXBuildFile; fileRef = 41D3AD6F280EBBD1002B8FD0 /* UIView.swift */; };
		41D3AD7B280EBBD1002B8FD0 /* SceneDelegate+Extension.swift in Sources */ = {isa = PBXBuildFile; fileRef = 41D3AD70280EBBD1002B8FD0 /* SceneDelegate+Extension.swift */; };
		41D3AD7C280EBBD1002B8FD0 /* UINavigationController+Extenstion.swift in Sources */ = {isa = PBXBuildFile; fileRef = 41D3AD71280EBBD1002B8FD0 /* UINavigationController+Extenstion.swift */; };
		41D3AD7D280EBBD1002B8FD0 /* UIColor.swift in Sources */ = {isa = PBXBuildFile; fileRef = 41D3AD72280EBBD1002B8FD0 /* UIColor.swift */; };
		41D3AD7E280EBBD1002B8FD0 /* UICollectionView.swift in Sources */ = {isa = PBXBuildFile; fileRef = 41D3AD73280EBBD1002B8FD0 /* UICollectionView.swift */; };
		41D3AD7F280EBBD1002B8FD0 /* UITableView.swift in Sources */ = {isa = PBXBuildFile; fileRef = 41D3AD74280EBBD1002B8FD0 /* UITableView.swift */; };
		41D3AD80280EBBD1002B8FD0 /* UITextField.swift in Sources */ = {isa = PBXBuildFile; fileRef = 41D3AD75280EBBD1002B8FD0 /* UITextField.swift */; };
		41D3AD81280EBBD1002B8FD0 /* UIImage.swift in Sources */ = {isa = PBXBuildFile; fileRef = 41D3AD76280EBBD1002B8FD0 /* UIImage.swift */; };
		41D3AD82280EBBD1002B8FD0 /* UIViewController.swift in Sources */ = {isa = PBXBuildFile; fileRef = 41D3AD77280EBBD1002B8FD0 /* UIViewController.swift */; };
		41D3AD83280EBBD1002B8FD0 /* CGFloat.swift in Sources */ = {isa = PBXBuildFile; fileRef = 41D3AD78280EBBD1002B8FD0 /* CGFloat.swift */; };
		41D3AD84280EBBD1002B8FD0 /* UIApplication.swift in Sources */ = {isa = PBXBuildFile; fileRef = 41D3AD79280EBBD1002B8FD0 /* UIApplication.swift */; };
		41D3AD86280EBCA8002B8FD0 /* NibLoadable.swift in Sources */ = {isa = PBXBuildFile; fileRef = 41D3AD85280EBCA8002B8FD0 /* NibLoadable.swift */; };
		41D3AD88280EBCC0002B8FD0 /* Coordinator.swift in Sources */ = {isa = PBXBuildFile; fileRef = 41D3AD87280EBCC0002B8FD0 /* Coordinator.swift */; };
		41D3AD8A280EBCFC002B8FD0 /* Storyboarded.swift in Sources */ = {isa = PBXBuildFile; fileRef = 41D3AD89280EBCFC002B8FD0 /* Storyboarded.swift */; };
		41D3AD8D280EBF8B002B8FD0 /* UserManager.swift in Sources */ = {isa = PBXBuildFile; fileRef = 41D3AD8C280EBF8B002B8FD0 /* UserManager.swift */; };
		41D3AD90280EBFB6002B8FD0 /* AppConstants.swift in Sources */ = {isa = PBXBuildFile; fileRef = 41D3AD8F280EBFB6002B8FD0 /* AppConstants.swift */; };
		41D3AD99280ED23C002B8FD0 /* LoginViewController.swift in Sources */ = {isa = PBXBuildFile; fileRef = 41D3AD97280ED23C002B8FD0 /* LoginViewController.swift */; };
		41D3AD9A280ED23C002B8FD0 /* LoginViewController.xib in Resources */ = {isa = PBXBuildFile; fileRef = 41D3AD98280ED23C002B8FD0 /* LoginViewController.xib */; };
		41D3ADA0280ED568002B8FD0 /* LoginViewModel.swift in Sources */ = {isa = PBXBuildFile; fileRef = 41D3AD9F280ED568002B8FD0 /* LoginViewModel.swift */; };
		41D3ADA3280ED763002B8FD0 /* ApiClient.swift in Sources */ = {isa = PBXBuildFile; fileRef = 41D3ADA2280ED763002B8FD0 /* ApiClient.swift */; };
		41D3ADA9280EDA3A002B8FD0 /* EndPointProtocol.swift in Sources */ = {isa = PBXBuildFile; fileRef = 41D3ADA6280EDA3A002B8FD0 /* EndPointProtocol.swift */; };
		41D3ADAA280EDA3A002B8FD0 /* EndPointBuilder.swift in Sources */ = {isa = PBXBuildFile; fileRef = 41D3ADA7280EDA3A002B8FD0 /* EndPointBuilder.swift */; };
		41D3ADAB280EDA3A002B8FD0 /* UrlBuilder.swift in Sources */ = {isa = PBXBuildFile; fileRef = 41D3ADA8280EDA3A002B8FD0 /* UrlBuilder.swift */; };
		41D3ADAE280EDAFF002B8FD0 /* HttpMethods.swift in Sources */ = {isa = PBXBuildFile; fileRef = 41D3ADAD280EDAFF002B8FD0 /* HttpMethods.swift */; };
		41D3ADB0280EDBBF002B8FD0 /* NetworkError.swift in Sources */ = {isa = PBXBuildFile; fileRef = 41D3ADAF280EDBBF002B8FD0 /* NetworkError.swift */; };
		41D3ADB2280EDC82002B8FD0 /* NetworkCaller.swift in Sources */ = {isa = PBXBuildFile; fileRef = 41D3ADB1280EDC82002B8FD0 /* NetworkCaller.swift */; };
		41D3ADB4280FBD5E002B8FD0 /* ViewIdentifiable.swift in Sources */ = {isa = PBXBuildFile; fileRef = 41D3ADB3280FBD5E002B8FD0 /* ViewIdentifiable.swift */; };
		41D3ADB6280FC617002B8FD0 /* BaseRequestModel.swift in Sources */ = {isa = PBXBuildFile; fileRef = 41D3ADB5280FC617002B8FD0 /* BaseRequestModel.swift */; };
		41D3ADB8280FFEAB002B8FD0 /* AppTarget.swift in Sources */ = {isa = PBXBuildFile; fileRef = 41D3ADB7280FFEAB002B8FD0 /* AppTarget.swift */; };
		41D3ADBA280FFEDE002B8FD0 /* AppUrls.swift in Sources */ = {isa = PBXBuildFile; fileRef = 41D3ADB9280FFEDE002B8FD0 /* AppUrls.swift */; };
		41D3ADBC281000E9002B8FD0 /* LoginRequest.swift in Sources */ = {isa = PBXBuildFile; fileRef = 41D3ADBB281000E9002B8FD0 /* LoginRequest.swift */; };
		41D3ADBE28100100002B8FD0 /* LoginResponse.swift in Sources */ = {isa = PBXBuildFile; fileRef = 41D3ADBD28100100002B8FD0 /* LoginResponse.swift */; };
		41D3ADC028100309002B8FD0 /* AuthEndPoints.swift in Sources */ = {isa = PBXBuildFile; fileRef = 41D3ADBF28100309002B8FD0 /* AuthEndPoints.swift */; };
		41D3ADC728102084002B8FD0 /* DashboardViewController.swift in Sources */ = {isa = PBXBuildFile; fileRef = 41D3ADC528102084002B8FD0 /* DashboardViewController.swift */; };
		41D3ADC828102084002B8FD0 /* DashboardViewController.xib in Resources */ = {isa = PBXBuildFile; fileRef = 41D3ADC628102084002B8FD0 /* DashboardViewController.xib */; };
		41D3ADCA281020EF002B8FD0 /* DashboardViewModel.swift in Sources */ = {isa = PBXBuildFile; fileRef = 41D3ADC9281020EF002B8FD0 /* DashboardViewModel.swift */; };
		41D3ADCD281024EF002B8FD0 /* TokenManager.swift in Sources */ = {isa = PBXBuildFile; fileRef = 41D3ADCC281024EF002B8FD0 /* TokenManager.swift */; };
		41D3ADCF28102588002B8FD0 /* NetworkKeys.swift in Sources */ = {isa = PBXBuildFile; fileRef = 41D3ADCE28102588002B8FD0 /* NetworkKeys.swift */; };
		41D3ADD228102706002B8FD0 /* NetworkAdapter.swift in Sources */ = {isa = PBXBuildFile; fileRef = 41D3ADD128102706002B8FD0 /* NetworkAdapter.swift */; };
		41D3ADD428102722002B8FD0 /* NetworkRetrier.swift in Sources */ = {isa = PBXBuildFile; fileRef = 41D3ADD328102722002B8FD0 /* NetworkRetrier.swift */; };
		96719F0F303BD9E7922EBA4C /* Pods_InstaKilo.framework in Frameworks */ = {isa = PBXBuildFile; fileRef = D7ED90FE95676F882B446768 /* Pods_InstaKilo.framework */; };
		C273AE5A35055BDACBA0D967 /* Pods_InstaKiloTests.framework in Frameworks */ = {isa = PBXBuildFile; fileRef = FA46789898B6B1CA8A9CA22C /* Pods_InstaKiloTests.framework */; };
		C5A2BCEE0E4A185A4D87C557 /* Pods_InstaKilo_InstaKiloUITests.framework in Frameworks */ = {isa = PBXBuildFile; fileRef = 669976686267DEFC75091709 /* Pods_InstaKilo_InstaKiloUITests.framework */; };
/* End PBXBuildFile section */

/* Begin PBXContainerItemProxy section */
		41921E51280D6B1E0012272F /* PBXContainerItemProxy */ = {
			isa = PBXContainerItemProxy;
			containerPortal = 41921E32280D6B1C0012272F /* Project object */;
			proxyType = 1;
			remoteGlobalIDString = 41921E39280D6B1C0012272F;
			remoteInfo = InstaKilo;
		};
		41921E5B280D6B1E0012272F /* PBXContainerItemProxy */ = {
			isa = PBXContainerItemProxy;
			containerPortal = 41921E32280D6B1C0012272F /* Project object */;
			proxyType = 1;
			remoteGlobalIDString = 41921E39280D6B1C0012272F;
			remoteInfo = InstaKilo;
		};
/* End PBXContainerItemProxy section */

/* Begin PBXFileReference section */
		29E8F51A920BD15D60BEB4D2 /* Pods-InstaKilo-InstaKiloUITests.release.xcconfig */ = {isa = PBXFileReference; includeInIndex = 1; lastKnownFileType = text.xcconfig; name = "Pods-InstaKilo-InstaKiloUITests.release.xcconfig"; path = "Target Support Files/Pods-InstaKilo-InstaKiloUITests/Pods-InstaKilo-InstaKiloUITests.release.xcconfig"; sourceTree = "<group>"; };
		41921E3A280D6B1C0012272F /* InstaKilo.app */ = {isa = PBXFileReference; explicitFileType = wrapper.application; includeInIndex = 0; path = InstaKilo.app; sourceTree = BUILT_PRODUCTS_DIR; };
		41921E3D280D6B1C0012272F /* AppDelegate.swift */ = {isa = PBXFileReference; lastKnownFileType = sourcecode.swift; path = AppDelegate.swift; sourceTree = "<group>"; };
		41921E3F280D6B1C0012272F /* SceneDelegate.swift */ = {isa = PBXFileReference; lastKnownFileType = sourcecode.swift; path = SceneDelegate.swift; sourceTree = "<group>"; };
		41921E41280D6B1C0012272F /* ViewController.swift */ = {isa = PBXFileReference; lastKnownFileType = sourcecode.swift; path = ViewController.swift; sourceTree = "<group>"; };
		41921E44280D6B1C0012272F /* Base */ = {isa = PBXFileReference; lastKnownFileType = file.storyboard; name = Base; path = Base.lproj/Main.storyboard; sourceTree = "<group>"; };
		41921E46280D6B1E0012272F /* Assets.xcassets */ = {isa = PBXFileReference; lastKnownFileType = folder.assetcatalog; path = Assets.xcassets; sourceTree = "<group>"; };
		41921E49280D6B1E0012272F /* Base */ = {isa = PBXFileReference; lastKnownFileType = file.storyboard; name = Base; path = Base.lproj/LaunchScreen.storyboard; sourceTree = "<group>"; };
		41921E4B280D6B1E0012272F /* Info.plist */ = {isa = PBXFileReference; lastKnownFileType = text.plist.xml; path = Info.plist; sourceTree = "<group>"; };
		41921E50280D6B1E0012272F /* InstaKiloTests.xctest */ = {isa = PBXFileReference; explicitFileType = wrapper.cfbundle; includeInIndex = 0; path = InstaKiloTests.xctest; sourceTree = BUILT_PRODUCTS_DIR; };
		41921E54280D6B1E0012272F /* InstaKiloTests.swift */ = {isa = PBXFileReference; lastKnownFileType = sourcecode.swift; path = InstaKiloTests.swift; sourceTree = "<group>"; };
		41921E5A280D6B1E0012272F /* InstaKiloUITests.xctest */ = {isa = PBXFileReference; explicitFileType = wrapper.cfbundle; includeInIndex = 0; path = InstaKiloUITests.xctest; sourceTree = BUILT_PRODUCTS_DIR; };
		41921E5E280D6B1E0012272F /* InstaKiloUITests.swift */ = {isa = PBXFileReference; lastKnownFileType = sourcecode.swift; path = InstaKiloUITests.swift; sourceTree = "<group>"; };
		41921E60280D6B1E0012272F /* InstaKiloUITestsLaunchTests.swift */ = {isa = PBXFileReference; lastKnownFileType = sourcecode.swift; path = InstaKiloUITestsLaunchTests.swift; sourceTree = "<group>"; };
		41921E6E280E7F200012272F /* Enviroment.swift */ = {isa = PBXFileReference; lastKnownFileType = sourcecode.swift; path = Enviroment.swift; sourceTree = "<group>"; };
		41921E72280E82120012272F /* Debug.xcconfig */ = {isa = PBXFileReference; lastKnownFileType = text.xcconfig; path = Debug.xcconfig; sourceTree = "<group>"; };
		41D3AD3D280EAF2F002B8FD0 /* HapticFeed.swift */ = {isa = PBXFileReference; fileEncoding = 4; lastKnownFileType = sourcecode.swift; path = HapticFeed.swift; sourceTree = "<group>"; };
		41D3AD40280EB11B002B8FD0 /* StoreReviewHelper.swift */ = {isa = PBXFileReference; fileEncoding = 4; lastKnownFileType = sourcecode.swift; path = StoreReviewHelper.swift; sourceTree = "<group>"; };
		41D3AD58280EBA2B002B8FD0 /* Utilities.swift */ = {isa = PBXFileReference; fileEncoding = 4; lastKnownFileType = sourcecode.swift; path = Utilities.swift; sourceTree = "<group>"; };
		41D3AD5B280EBBB0002B8FD0 /* Date.swift */ = {isa = PBXFileReference; fileEncoding = 4; lastKnownFileType = sourcecode.swift; path = Date.swift; sourceTree = "<group>"; };
		41D3AD5C280EBBB0002B8FD0 /* Array.swift */ = {isa = PBXFileReference; fileEncoding = 4; lastKnownFileType = sourcecode.swift; path = Array.swift; sourceTree = "<group>"; };
		41D3AD5D280EBBB0002B8FD0 /* NSAttributedString.swift */ = {isa = PBXFileReference; fileEncoding = 4; lastKnownFileType = sourcecode.swift; path = NSAttributedString.swift; sourceTree = "<group>"; };
		41D3AD5E280EBBB0002B8FD0 /* Int.swift */ = {isa = PBXFileReference; fileEncoding = 4; lastKnownFileType = sourcecode.swift; path = Int.swift; sourceTree = "<group>"; };
		41D3AD5F280EBBB0002B8FD0 /* String.swift */ = {isa = PBXFileReference; fileEncoding = 4; lastKnownFileType = sourcecode.swift; path = String.swift; sourceTree = "<group>"; };
		41D3AD60280EBBB0002B8FD0 /* Double.swift */ = {isa = PBXFileReference; fileEncoding = 4; lastKnownFileType = sourcecode.swift; path = Double.swift; sourceTree = "<group>"; };
		41D3AD61280EBBB0002B8FD0 /* Bool.swift */ = {isa = PBXFileReference; fileEncoding = 4; lastKnownFileType = sourcecode.swift; path = Bool.swift; sourceTree = "<group>"; };
		41D3AD62280EBBB0002B8FD0 /* Optional.swift */ = {isa = PBXFileReference; fileEncoding = 4; lastKnownFileType = sourcecode.swift; path = Optional.swift; sourceTree = "<group>"; };
		41D3AD63280EBBB0002B8FD0 /* Float.swift */ = {isa = PBXFileReference; fileEncoding = 4; lastKnownFileType = sourcecode.swift; path = Float.swift; sourceTree = "<group>"; };
		41D3AD6F280EBBD1002B8FD0 /* UIView.swift */ = {isa = PBXFileReference; fileEncoding = 4; lastKnownFileType = sourcecode.swift; path = UIView.swift; sourceTree = "<group>"; };
		41D3AD70280EBBD1002B8FD0 /* SceneDelegate+Extension.swift */ = {isa = PBXFileReference; fileEncoding = 4; lastKnownFileType = sourcecode.swift; path = "SceneDelegate+Extension.swift"; sourceTree = "<group>"; };
		41D3AD71280EBBD1002B8FD0 /* UINavigationController+Extenstion.swift */ = {isa = PBXFileReference; fileEncoding = 4; lastKnownFileType = sourcecode.swift; path = "UINavigationController+Extenstion.swift"; sourceTree = "<group>"; };
		41D3AD72280EBBD1002B8FD0 /* UIColor.swift */ = {isa = PBXFileReference; fileEncoding = 4; lastKnownFileType = sourcecode.swift; path = UIColor.swift; sourceTree = "<group>"; };
		41D3AD73280EBBD1002B8FD0 /* UICollectionView.swift */ = {isa = PBXFileReference; fileEncoding = 4; lastKnownFileType = sourcecode.swift; path = UICollectionView.swift; sourceTree = "<group>"; };
		41D3AD74280EBBD1002B8FD0 /* UITableView.swift */ = {isa = PBXFileReference; fileEncoding = 4; lastKnownFileType = sourcecode.swift; path = UITableView.swift; sourceTree = "<group>"; };
		41D3AD75280EBBD1002B8FD0 /* UITextField.swift */ = {isa = PBXFileReference; fileEncoding = 4; lastKnownFileType = sourcecode.swift; path = UITextField.swift; sourceTree = "<group>"; };
		41D3AD76280EBBD1002B8FD0 /* UIImage.swift */ = {isa = PBXFileReference; fileEncoding = 4; lastKnownFileType = sourcecode.swift; path = UIImage.swift; sourceTree = "<group>"; };
		41D3AD77280EBBD1002B8FD0 /* UIViewController.swift */ = {isa = PBXFileReference; fileEncoding = 4; lastKnownFileType = sourcecode.swift; path = UIViewController.swift; sourceTree = "<group>"; };
		41D3AD78280EBBD1002B8FD0 /* CGFloat.swift */ = {isa = PBXFileReference; fileEncoding = 4; lastKnownFileType = sourcecode.swift; path = CGFloat.swift; sourceTree = "<group>"; };
		41D3AD79280EBBD1002B8FD0 /* UIApplication.swift */ = {isa = PBXFileReference; fileEncoding = 4; lastKnownFileType = sourcecode.swift; path = UIApplication.swift; sourceTree = "<group>"; };
		41D3AD85280EBCA8002B8FD0 /* NibLoadable.swift */ = {isa = PBXFileReference; fileEncoding = 4; lastKnownFileType = sourcecode.swift; path = NibLoadable.swift; sourceTree = "<group>"; };
		41D3AD87280EBCC0002B8FD0 /* Coordinator.swift */ = {isa = PBXFileReference; fileEncoding = 4; lastKnownFileType = sourcecode.swift; path = Coordinator.swift; sourceTree = "<group>"; };
		41D3AD89280EBCFC002B8FD0 /* Storyboarded.swift */ = {isa = PBXFileReference; fileEncoding = 4; lastKnownFileType = sourcecode.swift; path = Storyboarded.swift; sourceTree = "<group>"; };
		41D3AD8C280EBF8B002B8FD0 /* UserManager.swift */ = {isa = PBXFileReference; lastKnownFileType = sourcecode.swift; path = UserManager.swift; sourceTree = "<group>"; };
		41D3AD8F280EBFB6002B8FD0 /* AppConstants.swift */ = {isa = PBXFileReference; lastKnownFileType = sourcecode.swift; path = AppConstants.swift; sourceTree = "<group>"; };
		41D3AD97280ED23C002B8FD0 /* LoginViewController.swift */ = {isa = PBXFileReference; lastKnownFileType = sourcecode.swift; path = LoginViewController.swift; sourceTree = "<group>"; };
		41D3AD98280ED23C002B8FD0 /* LoginViewController.xib */ = {isa = PBXFileReference; lastKnownFileType = file.xib; path = LoginViewController.xib; sourceTree = "<group>"; };
		41D3AD9F280ED568002B8FD0 /* LoginViewModel.swift */ = {isa = PBXFileReference; lastKnownFileType = sourcecode.swift; path = LoginViewModel.swift; sourceTree = "<group>"; };
		41D3ADA2280ED763002B8FD0 /* ApiClient.swift */ = {isa = PBXFileReference; lastKnownFileType = sourcecode.swift; path = ApiClient.swift; sourceTree = "<group>"; };
		41D3ADA6280EDA3A002B8FD0 /* EndPointProtocol.swift */ = {isa = PBXFileReference; fileEncoding = 4; lastKnownFileType = sourcecode.swift; path = EndPointProtocol.swift; sourceTree = "<group>"; };
		41D3ADA7280EDA3A002B8FD0 /* EndPointBuilder.swift */ = {isa = PBXFileReference; fileEncoding = 4; lastKnownFileType = sourcecode.swift; path = EndPointBuilder.swift; sourceTree = "<group>"; };
		41D3ADA8280EDA3A002B8FD0 /* UrlBuilder.swift */ = {isa = PBXFileReference; fileEncoding = 4; lastKnownFileType = sourcecode.swift; path = UrlBuilder.swift; sourceTree = "<group>"; };
		41D3ADAD280EDAFF002B8FD0 /* HttpMethods.swift */ = {isa = PBXFileReference; lastKnownFileType = sourcecode.swift; path = HttpMethods.swift; sourceTree = "<group>"; };
		41D3ADAF280EDBBF002B8FD0 /* NetworkError.swift */ = {isa = PBXFileReference; lastKnownFileType = sourcecode.swift; path = NetworkError.swift; sourceTree = "<group>"; };
		41D3ADB1280EDC82002B8FD0 /* NetworkCaller.swift */ = {isa = PBXFileReference; lastKnownFileType = sourcecode.swift; path = NetworkCaller.swift; sourceTree = "<group>"; };
		41D3ADB3280FBD5E002B8FD0 /* ViewIdentifiable.swift */ = {isa = PBXFileReference; fileEncoding = 4; lastKnownFileType = sourcecode.swift; path = ViewIdentifiable.swift; sourceTree = "<group>"; };
		41D3ADB5280FC617002B8FD0 /* BaseRequestModel.swift */ = {isa = PBXFileReference; lastKnownFileType = sourcecode.swift; path = BaseRequestModel.swift; sourceTree = "<group>"; };
		41D3ADB7280FFEAB002B8FD0 /* AppTarget.swift */ = {isa = PBXFileReference; lastKnownFileType = sourcecode.swift; path = AppTarget.swift; sourceTree = "<group>"; };
		41D3ADB9280FFEDE002B8FD0 /* AppUrls.swift */ = {isa = PBXFileReference; lastKnownFileType = sourcecode.swift; path = AppUrls.swift; sourceTree = "<group>"; };
		41D3ADBB281000E9002B8FD0 /* LoginRequest.swift */ = {isa = PBXFileReference; lastKnownFileType = sourcecode.swift; path = LoginRequest.swift; sourceTree = "<group>"; };
		41D3ADBD28100100002B8FD0 /* LoginResponse.swift */ = {isa = PBXFileReference; lastKnownFileType = sourcecode.swift; path = LoginResponse.swift; sourceTree = "<group>"; };
		41D3ADBF28100309002B8FD0 /* AuthEndPoints.swift */ = {isa = PBXFileReference; lastKnownFileType = sourcecode.swift; path = AuthEndPoints.swift; sourceTree = "<group>"; };
		41D3ADC528102084002B8FD0 /* DashboardViewController.swift */ = {isa = PBXFileReference; lastKnownFileType = sourcecode.swift; path = DashboardViewController.swift; sourceTree = "<group>"; };
		41D3ADC628102084002B8FD0 /* DashboardViewController.xib */ = {isa = PBXFileReference; lastKnownFileType = file.xib; path = DashboardViewController.xib; sourceTree = "<group>"; };
		41D3ADC9281020EF002B8FD0 /* DashboardViewModel.swift */ = {isa = PBXFileReference; lastKnownFileType = sourcecode.swift; path = DashboardViewModel.swift; sourceTree = "<group>"; };
		41D3ADCC281024EF002B8FD0 /* TokenManager.swift */ = {isa = PBXFileReference; lastKnownFileType = sourcecode.swift; path = TokenManager.swift; sourceTree = "<group>"; };
		41D3ADCE28102588002B8FD0 /* NetworkKeys.swift */ = {isa = PBXFileReference; lastKnownFileType = sourcecode.swift; path = NetworkKeys.swift; sourceTree = "<group>"; };
		41D3ADD128102706002B8FD0 /* NetworkAdapter.swift */ = {isa = PBXFileReference; lastKnownFileType = sourcecode.swift; path = NetworkAdapter.swift; sourceTree = "<group>"; };
		41D3ADD328102722002B8FD0 /* NetworkRetrier.swift */ = {isa = PBXFileReference; lastKnownFileType = sourcecode.swift; path = NetworkRetrier.swift; sourceTree = "<group>"; };
		669976686267DEFC75091709 /* Pods_InstaKilo_InstaKiloUITests.framework */ = {isa = PBXFileReference; explicitFileType = wrapper.framework; includeInIndex = 0; path = Pods_InstaKilo_InstaKiloUITests.framework; sourceTree = BUILT_PRODUCTS_DIR; };
		81AF0E4FFDFD289232CE6023 /* Pods-InstaKiloTests.debug.xcconfig */ = {isa = PBXFileReference; includeInIndex = 1; lastKnownFileType = text.xcconfig; name = "Pods-InstaKiloTests.debug.xcconfig"; path = "Target Support Files/Pods-InstaKiloTests/Pods-InstaKiloTests.debug.xcconfig"; sourceTree = "<group>"; };
		A0A9046481C8E99159FFC5B7 /* Pods-InstaKilo.release.xcconfig */ = {isa = PBXFileReference; includeInIndex = 1; lastKnownFileType = text.xcconfig; name = "Pods-InstaKilo.release.xcconfig"; path = "Target Support Files/Pods-InstaKilo/Pods-InstaKilo.release.xcconfig"; sourceTree = "<group>"; };
		C07F0A61803E39CBAAACE568 /* Pods-InstaKilo.debug.xcconfig */ = {isa = PBXFileReference; includeInIndex = 1; lastKnownFileType = text.xcconfig; name = "Pods-InstaKilo.debug.xcconfig"; path = "Target Support Files/Pods-InstaKilo/Pods-InstaKilo.debug.xcconfig"; sourceTree = "<group>"; };
		C8ECF7A22CCBC33E6A48B886 /* Pods-InstaKiloTests.release.xcconfig */ = {isa = PBXFileReference; includeInIndex = 1; lastKnownFileType = text.xcconfig; name = "Pods-InstaKiloTests.release.xcconfig"; path = "Target Support Files/Pods-InstaKiloTests/Pods-InstaKiloTests.release.xcconfig"; sourceTree = "<group>"; };
		D7ED90FE95676F882B446768 /* Pods_InstaKilo.framework */ = {isa = PBXFileReference; explicitFileType = wrapper.framework; includeInIndex = 0; path = Pods_InstaKilo.framework; sourceTree = BUILT_PRODUCTS_DIR; };
		EF3F905610CA207CD5D95200 /* Pods-InstaKilo-InstaKiloUITests.debug.xcconfig */ = {isa = PBXFileReference; includeInIndex = 1; lastKnownFileType = text.xcconfig; name = "Pods-InstaKilo-InstaKiloUITests.debug.xcconfig"; path = "Target Support Files/Pods-InstaKilo-InstaKiloUITests/Pods-InstaKilo-InstaKiloUITests.debug.xcconfig"; sourceTree = "<group>"; };
		FA46789898B6B1CA8A9CA22C /* Pods_InstaKiloTests.framework */ = {isa = PBXFileReference; explicitFileType = wrapper.framework; includeInIndex = 0; path = Pods_InstaKiloTests.framework; sourceTree = BUILT_PRODUCTS_DIR; };
/* End PBXFileReference section */

/* Begin PBXFrameworksBuildPhase section */
		41921E37280D6B1C0012272F /* Frameworks */ = {
			isa = PBXFrameworksBuildPhase;
			buildActionMask = 2147483647;
			files = (
				96719F0F303BD9E7922EBA4C /* Pods_InstaKilo.framework in Frameworks */,
			);
			runOnlyForDeploymentPostprocessing = 0;
		};
		41921E4D280D6B1E0012272F /* Frameworks */ = {
			isa = PBXFrameworksBuildPhase;
			buildActionMask = 2147483647;
			files = (
				C273AE5A35055BDACBA0D967 /* Pods_InstaKiloTests.framework in Frameworks */,
			);
			runOnlyForDeploymentPostprocessing = 0;
		};
		41921E57280D6B1E0012272F /* Frameworks */ = {
			isa = PBXFrameworksBuildPhase;
			buildActionMask = 2147483647;
			files = (
				C5A2BCEE0E4A185A4D87C557 /* Pods_InstaKilo_InstaKiloUITests.framework in Frameworks */,
			);
			runOnlyForDeploymentPostprocessing = 0;
		};
/* End PBXFrameworksBuildPhase section */

/* Begin PBXGroup section */
		41921E31280D6B1C0012272F = {
			isa = PBXGroup;
			children = (
				41921E3C280D6B1C0012272F /* InstaKilo */,
				41921E53280D6B1E0012272F /* InstaKiloTests */,
				41921E5D280D6B1E0012272F /* InstaKiloUITests */,
				41921E3B280D6B1C0012272F /* Products */,
				B2D5A419EE14F3C7BE87DAB9 /* Pods */,
				7E42867EC3AA7EF0B6A51BF0 /* Frameworks */,
			);
			sourceTree = "<group>";
		};
		41921E3B280D6B1C0012272F /* Products */ = {
			isa = PBXGroup;
			children = (
				41921E3A280D6B1C0012272F /* InstaKilo.app */,
				41921E50280D6B1E0012272F /* InstaKiloTests.xctest */,
				41921E5A280D6B1E0012272F /* InstaKiloUITests.xctest */,
			);
			name = Products;
			sourceTree = "<group>";
		};
		41921E3C280D6B1C0012272F /* InstaKilo */ = {
			isa = PBXGroup;
			children = (
				41D3AD95280EC059002B8FD0 /* AppDelegate */,
				41D3AD94280EC050002B8FD0 /* Modules */,
				41D3AD39280EAD66002B8FD0 /* Helper */,
				41D3AD38280EAD5E002B8FD0 /* Utilities */,
				41D3AD37280E9E2F002B8FD0 /* Resources */,
				41921E6D280E7F060012272F /* Configs */,
				41921E41280D6B1C0012272F /* ViewController.swift */,
				41921E43280D6B1C0012272F /* Main.storyboard */,
				41921E48280D6B1E0012272F /* LaunchScreen.storyboard */,
				41921E4B280D6B1E0012272F /* Info.plist */,
			);
			path = InstaKilo;
			sourceTree = "<group>";
		};
		41921E53280D6B1E0012272F /* InstaKiloTests */ = {
			isa = PBXGroup;
			children = (
				41921E54280D6B1E0012272F /* InstaKiloTests.swift */,
			);
			path = InstaKiloTests;
			sourceTree = "<group>";
		};
		41921E5D280D6B1E0012272F /* InstaKiloUITests */ = {
			isa = PBXGroup;
			children = (
				41921E5E280D6B1E0012272F /* InstaKiloUITests.swift */,
				41921E60280D6B1E0012272F /* InstaKiloUITestsLaunchTests.swift */,
			);
			path = InstaKiloUITests;
			sourceTree = "<group>";
		};
		41921E6D280E7F060012272F /* Configs */ = {
			isa = PBXGroup;
			children = (
				41921E72280E82120012272F /* Debug.xcconfig */,
				41921E6E280E7F200012272F /* Enviroment.swift */,
				41D3ADB7280FFEAB002B8FD0 /* AppTarget.swift */,
				41D3ADB9280FFEDE002B8FD0 /* AppUrls.swift */,
			);
			path = Configs;
			sourceTree = "<group>";
		};
		41D3AD37280E9E2F002B8FD0 /* Resources */ = {
			isa = PBXGroup;
			children = (
				41921E46280D6B1E0012272F /* Assets.xcassets */,
			);
			path = Resources;
			sourceTree = "<group>";
		};
		41D3AD38280EAD5E002B8FD0 /* Utilities */ = {
			isa = PBXGroup;
			children = (
				41D3AD57280EBA09002B8FD0 /* UtilitiesFunctions */,
				41D3AD3F280EB11B002B8FD0 /* StoreReviewHelper */,
				41D3AD3C280EAF2F002B8FD0 /* HapticFeed */,
				41D3AD3B280EAD95002B8FD0 /* Protocols */,
				41D3AD3A280EAD89002B8FD0 /* Extension */,
			);
			path = Utilities;
			sourceTree = "<group>";
		};
		41D3AD39280EAD66002B8FD0 /* Helper */ = {
			isa = PBXGroup;
			children = (
				41D3AD93280EC040002B8FD0 /* Theme */,
				41D3AD92280EC004002B8FD0 /* NetworkCaller */,
				41D3AD91280EBFF3002B8FD0 /* StyledComponent */,
				41D3AD8E280EBF9C002B8FD0 /* Constants */,
				41D3AD8B280EBF7B002B8FD0 /* Manager */,
			);
			path = Helper;
			sourceTree = "<group>";
		};
		41D3AD3A280EAD89002B8FD0 /* Extension */ = {
			isa = PBXGroup;
			children = (
				41D3AD6E280EBBD1002B8FD0 /* UIKit */,
				41D3AD5A280EBBB0002B8FD0 /* Foundation */,
			);
			path = Extension;
			sourceTree = "<group>";
		};
		41D3AD3B280EAD95002B8FD0 /* Protocols */ = {
			isa = PBXGroup;
			children = (
				41D3ADB3280FBD5E002B8FD0 /* ViewIdentifiable.swift */,
				41D3AD89280EBCFC002B8FD0 /* Storyboarded.swift */,
				41D3AD87280EBCC0002B8FD0 /* Coordinator.swift */,
				41D3AD85280EBCA8002B8FD0 /* NibLoadable.swift */,
			);
			path = Protocols;
			sourceTree = "<group>";
		};
		41D3AD3C280EAF2F002B8FD0 /* HapticFeed */ = {
			isa = PBXGroup;
			children = (
				41D3AD3D280EAF2F002B8FD0 /* HapticFeed.swift */,
			);
			path = HapticFeed;
			sourceTree = "<group>";
		};
		41D3AD3F280EB11B002B8FD0 /* StoreReviewHelper */ = {
			isa = PBXGroup;
			children = (
				41D3AD40280EB11B002B8FD0 /* StoreReviewHelper.swift */,
			);
			path = StoreReviewHelper;
			sourceTree = "<group>";
		};
		41D3AD57280EBA09002B8FD0 /* UtilitiesFunctions */ = {
			isa = PBXGroup;
			children = (
				41D3AD58280EBA2B002B8FD0 /* Utilities.swift */,
			);
			path = UtilitiesFunctions;
			sourceTree = "<group>";
		};
		41D3AD5A280EBBB0002B8FD0 /* Foundation */ = {
			isa = PBXGroup;
			children = (
				41D3AD5B280EBBB0002B8FD0 /* Date.swift */,
				41D3AD5C280EBBB0002B8FD0 /* Array.swift */,
				41D3AD5D280EBBB0002B8FD0 /* NSAttributedString.swift */,
				41D3AD5E280EBBB0002B8FD0 /* Int.swift */,
				41D3AD5F280EBBB0002B8FD0 /* String.swift */,
				41D3AD60280EBBB0002B8FD0 /* Double.swift */,
				41D3AD61280EBBB0002B8FD0 /* Bool.swift */,
				41D3AD62280EBBB0002B8FD0 /* Optional.swift */,
				41D3AD63280EBBB0002B8FD0 /* Float.swift */,
			);
			path = Foundation;
			sourceTree = "<group>";
		};
		41D3AD6E280EBBD1002B8FD0 /* UIKit */ = {
			isa = PBXGroup;
			children = (
				41D3AD6F280EBBD1002B8FD0 /* UIView.swift */,
				41D3AD70280EBBD1002B8FD0 /* SceneDelegate+Extension.swift */,
				41D3AD71280EBBD1002B8FD0 /* UINavigationController+Extenstion.swift */,
				41D3AD72280EBBD1002B8FD0 /* UIColor.swift */,
				41D3AD73280EBBD1002B8FD0 /* UICollectionView.swift */,
				41D3AD74280EBBD1002B8FD0 /* UITableView.swift */,
				41D3AD75280EBBD1002B8FD0 /* UITextField.swift */,
				41D3AD76280EBBD1002B8FD0 /* UIImage.swift */,
				41D3AD77280EBBD1002B8FD0 /* UIViewController.swift */,
				41D3AD78280EBBD1002B8FD0 /* CGFloat.swift */,
				41D3AD79280EBBD1002B8FD0 /* UIApplication.swift */,
			);
			path = UIKit;
			sourceTree = "<group>";
		};
		41D3AD8B280EBF7B002B8FD0 /* Manager */ = {
			isa = PBXGroup;
			children = (
				41D3AD8C280EBF8B002B8FD0 /* UserManager.swift */,
			);
			path = Manager;
			sourceTree = "<group>";
		};
		41D3AD8E280EBF9C002B8FD0 /* Constants */ = {
			isa = PBXGroup;
			children = (
				41D3AD8F280EBFB6002B8FD0 /* AppConstants.swift */,
			);
			path = Constants;
			sourceTree = "<group>";
		};
		41D3AD91280EBFF3002B8FD0 /* StyledComponent */ = {
			isa = PBXGroup;
			children = (
			);
			path = StyledComponent;
			sourceTree = "<group>";
		};
		41D3AD92280EC004002B8FD0 /* NetworkCaller */ = {
			isa = PBXGroup;
			children = (
				41D3ADB1280EDC82002B8FD0 /* NetworkCaller.swift */,
				41D3ADD128102706002B8FD0 /* NetworkAdapter.swift */,
				41D3ADD328102722002B8FD0 /* NetworkRetrier.swift */,
				41D3ADCB281024E0002B8FD0 /* Managers */,
				41D3ADAC280EDAEC002B8FD0 /* Heplpers */,
				41D3ADA5280EDA3A002B8FD0 /* EndPoint */,
				41D3ADA1280ED750002B8FD0 /* Protocol */,
			);
			path = NetworkCaller;
			sourceTree = "<group>";
		};
		41D3AD93280EC040002B8FD0 /* Theme */ = {
			isa = PBXGroup;
			children = (
			);
			path = Theme;
			sourceTree = "<group>";
		};
		41D3AD94280EC050002B8FD0 /* Modules */ = {
			isa = PBXGroup;
			children = (
				41D3ADC12810203A002B8FD0 /* Dashboard */,
				41D3AD9E280ED3DC002B8FD0 /* Authentication */,
			);
			path = Modules;
			sourceTree = "<group>";
		};
		41D3AD95280EC059002B8FD0 /* AppDelegate */ = {
			isa = PBXGroup;
			children = (
				41921E3D280D6B1C0012272F /* AppDelegate.swift */,
				41921E3F280D6B1C0012272F /* SceneDelegate.swift */,
			);
			path = AppDelegate;
			sourceTree = "<group>";
		};
		41D3AD96280ED1CC002B8FD0 /* Login */ = {
			isa = PBXGroup;
			children = (
				41D3AD9D280ED25F002B8FD0 /* Model */,
				41D3AD9C280ED24D002B8FD0 /* ViewModel */,
				41D3AD9B280ED242002B8FD0 /* Controller */,
			);
			path = Login;
			sourceTree = "<group>";
		};
		41D3AD9B280ED242002B8FD0 /* Controller */ = {
			isa = PBXGroup;
			children = (
				41D3AD97280ED23C002B8FD0 /* LoginViewController.swift */,
				41D3AD98280ED23C002B8FD0 /* LoginViewController.xib */,
			);
			path = Controller;
			sourceTree = "<group>";
		};
		41D3AD9C280ED24D002B8FD0 /* ViewModel */ = {
			isa = PBXGroup;
			children = (
				41D3AD9F280ED568002B8FD0 /* LoginViewModel.swift */,
			);
			path = ViewModel;
			sourceTree = "<group>";
		};
		41D3AD9D280ED25F002B8FD0 /* Model */ = {
			isa = PBXGroup;
			children = (
				41D3ADBB281000E9002B8FD0 /* LoginRequest.swift */,
				41D3ADBD28100100002B8FD0 /* LoginResponse.swift */,
			);
			path = Model;
			sourceTree = "<group>";
		};
		41D3AD9E280ED3DC002B8FD0 /* Authentication */ = {
			isa = PBXGroup;
			children = (
				41D3AD96280ED1CC002B8FD0 /* Login */,
				41D3ADBF28100309002B8FD0 /* AuthEndPoints.swift */,
			);
			path = Authentication;
			sourceTree = "<group>";
		};
		41D3ADA1280ED750002B8FD0 /* Protocol */ = {
			isa = PBXGroup;
			children = (
				41D3ADA2280ED763002B8FD0 /* ApiClient.swift */,
			);
			path = Protocol;
			sourceTree = "<group>";
		};
		41D3ADA5280EDA3A002B8FD0 /* EndPoint */ = {
			isa = PBXGroup;
			children = (
				41D3ADA6280EDA3A002B8FD0 /* EndPointProtocol.swift */,
				41D3ADA7280EDA3A002B8FD0 /* EndPointBuilder.swift */,
				41D3ADA8280EDA3A002B8FD0 /* UrlBuilder.swift */,
			);
			path = EndPoint;
			sourceTree = "<group>";
		};
		41D3ADAC280EDAEC002B8FD0 /* Heplpers */ = {
			isa = PBXGroup;
			children = (
				41D3ADAD280EDAFF002B8FD0 /* HttpMethods.swift */,
				41D3ADAF280EDBBF002B8FD0 /* NetworkError.swift */,
				41D3ADB5280FC617002B8FD0 /* BaseRequestModel.swift */,
				41D3ADCE28102588002B8FD0 /* NetworkKeys.swift */,
			);
			path = Heplpers;
			sourceTree = "<group>";
		};
		41D3ADC12810203A002B8FD0 /* Dashboard */ = {
			isa = PBXGroup;
			children = (
				41D3ADC42810205A002B8FD0 /* Model */,
				41D3ADC328102052002B8FD0 /* ViewController */,
				41D3ADC228102043002B8FD0 /* ViewModel */,
			);
			path = Dashboard;
			sourceTree = "<group>";
		};
		41D3ADC228102043002B8FD0 /* ViewModel */ = {
			isa = PBXGroup;
			children = (
				41D3ADC9281020EF002B8FD0 /* DashboardViewModel.swift */,
			);
			path = ViewModel;
			sourceTree = "<group>";
		};
		41D3ADC328102052002B8FD0 /* ViewController */ = {
			isa = PBXGroup;
			children = (
				41D3ADC528102084002B8FD0 /* DashboardViewController.swift */,
				41D3ADC628102084002B8FD0 /* DashboardViewController.xib */,
			);
			path = ViewController;
			sourceTree = "<group>";
		};
		41D3ADC42810205A002B8FD0 /* Model */ = {
			isa = PBXGroup;
			children = (
			);
			path = Model;
			sourceTree = "<group>";
		};
		41D3ADCB281024E0002B8FD0 /* Managers */ = {
			isa = PBXGroup;
			children = (
				41D3ADCC281024EF002B8FD0 /* TokenManager.swift */,
			);
			path = Managers;
			sourceTree = "<group>";
		};
		7E42867EC3AA7EF0B6A51BF0 /* Frameworks */ = {
			isa = PBXGroup;
			children = (
				D7ED90FE95676F882B446768 /* Pods_InstaKilo.framework */,
				669976686267DEFC75091709 /* Pods_InstaKilo_InstaKiloUITests.framework */,
				FA46789898B6B1CA8A9CA22C /* Pods_InstaKiloTests.framework */,
			);
			name = Frameworks;
			sourceTree = "<group>";
		};
		B2D5A419EE14F3C7BE87DAB9 /* Pods */ = {
			isa = PBXGroup;
			children = (
				C07F0A61803E39CBAAACE568 /* Pods-InstaKilo.debug.xcconfig */,
				A0A9046481C8E99159FFC5B7 /* Pods-InstaKilo.release.xcconfig */,
				EF3F905610CA207CD5D95200 /* Pods-InstaKilo-InstaKiloUITests.debug.xcconfig */,
				29E8F51A920BD15D60BEB4D2 /* Pods-InstaKilo-InstaKiloUITests.release.xcconfig */,
				81AF0E4FFDFD289232CE6023 /* Pods-InstaKiloTests.debug.xcconfig */,
				C8ECF7A22CCBC33E6A48B886 /* Pods-InstaKiloTests.release.xcconfig */,
			);
			path = Pods;
			sourceTree = "<group>";
		};
/* End PBXGroup section */

/* Begin PBXNativeTarget section */
		41921E39280D6B1C0012272F /* InstaKilo */ = {
			isa = PBXNativeTarget;
			buildConfigurationList = 41921E64280D6B1E0012272F /* Build configuration list for PBXNativeTarget "InstaKilo" */;
			buildPhases = (
				8905B3A70813B81A153ACD50 /* [CP] Check Pods Manifest.lock */,
				41921E36280D6B1C0012272F /* Sources */,
				41921E37280D6B1C0012272F /* Frameworks */,
				41921E38280D6B1C0012272F /* Resources */,
				BD36109D07E124FE9EA8F553 /* [CP] Embed Pods Frameworks */,
			);
			buildRules = (
			);
			dependencies = (
			);
			name = InstaKilo;
			productName = InstaKilo;
			productReference = 41921E3A280D6B1C0012272F /* InstaKilo.app */;
			productType = "com.apple.product-type.application";
		};
		41921E4F280D6B1E0012272F /* InstaKiloTests */ = {
			isa = PBXNativeTarget;
			buildConfigurationList = 41921E67280D6B1E0012272F /* Build configuration list for PBXNativeTarget "InstaKiloTests" */;
			buildPhases = (
				3FCCE7090F8696EBCF123D96 /* [CP] Check Pods Manifest.lock */,
				41921E4C280D6B1E0012272F /* Sources */,
				41921E4D280D6B1E0012272F /* Frameworks */,
				41921E4E280D6B1E0012272F /* Resources */,
				392D26B5B31A12DFA9371060 /* [CP] Embed Pods Frameworks */,
			);
			buildRules = (
			);
			dependencies = (
				41921E52280D6B1E0012272F /* PBXTargetDependency */,
			);
			name = InstaKiloTests;
			productName = InstaKiloTests;
			productReference = 41921E50280D6B1E0012272F /* InstaKiloTests.xctest */;
			productType = "com.apple.product-type.bundle.unit-test";
		};
		41921E59280D6B1E0012272F /* InstaKiloUITests */ = {
			isa = PBXNativeTarget;
			buildConfigurationList = 41921E6A280D6B1E0012272F /* Build configuration list for PBXNativeTarget "InstaKiloUITests" */;
			buildPhases = (
				024BF92217C689E54CAD4BFA /* [CP] Check Pods Manifest.lock */,
				41921E56280D6B1E0012272F /* Sources */,
				41921E57280D6B1E0012272F /* Frameworks */,
				41921E58280D6B1E0012272F /* Resources */,
				BEA2C17DE19EB346E13DA374 /* [CP] Embed Pods Frameworks */,
			);
			buildRules = (
			);
			dependencies = (
				41921E5C280D6B1E0012272F /* PBXTargetDependency */,
			);
			name = InstaKiloUITests;
			productName = InstaKiloUITests;
			productReference = 41921E5A280D6B1E0012272F /* InstaKiloUITests.xctest */;
			productType = "com.apple.product-type.bundle.ui-testing";
		};
/* End PBXNativeTarget section */

/* Begin PBXProject section */
		41921E32280D6B1C0012272F /* Project object */ = {
			isa = PBXProject;
			attributes = {
				BuildIndependentTargetsInParallel = 1;
				LastSwiftUpdateCheck = 1330;
				LastUpgradeCheck = 1330;
				TargetAttributes = {
					41921E39280D6B1C0012272F = {
						CreatedOnToolsVersion = 13.3.1;
					};
					41921E4F280D6B1E0012272F = {
						CreatedOnToolsVersion = 13.3.1;
						TestTargetID = 41921E39280D6B1C0012272F;
					};
					41921E59280D6B1E0012272F = {
						CreatedOnToolsVersion = 13.3.1;
						TestTargetID = 41921E39280D6B1C0012272F;
					};
				};
			};
			buildConfigurationList = 41921E35280D6B1C0012272F /* Build configuration list for PBXProject "InstaKilo" */;
			compatibilityVersion = "Xcode 13.0";
			developmentRegion = en;
			hasScannedForEncodings = 0;
			knownRegions = (
				en,
				Base,
			);
			mainGroup = 41921E31280D6B1C0012272F;
			productRefGroup = 41921E3B280D6B1C0012272F /* Products */;
			projectDirPath = "";
			projectRoot = "";
			targets = (
				41921E39280D6B1C0012272F /* InstaKilo */,
				41921E4F280D6B1E0012272F /* InstaKiloTests */,
				41921E59280D6B1E0012272F /* InstaKiloUITests */,
			);
		};
/* End PBXProject section */

/* Begin PBXResourcesBuildPhase section */
		41921E38280D6B1C0012272F /* Resources */ = {
			isa = PBXResourcesBuildPhase;
			buildActionMask = 2147483647;
			files = (
				41921E73280E82120012272F /* Debug.xcconfig in Resources */,
				41921E4A280D6B1E0012272F /* LaunchScreen.storyboard in Resources */,
				41921E47280D6B1E0012272F /* Assets.xcassets in Resources */,
				41D3AD9A280ED23C002B8FD0 /* LoginViewController.xib in Resources */,
				41921E45280D6B1C0012272F /* Main.storyboard in Resources */,
				41D3ADC828102084002B8FD0 /* DashboardViewController.xib in Resources */,
			);
			runOnlyForDeploymentPostprocessing = 0;
		};
		41921E4E280D6B1E0012272F /* Resources */ = {
			isa = PBXResourcesBuildPhase;
			buildActionMask = 2147483647;
			files = (
			);
			runOnlyForDeploymentPostprocessing = 0;
		};
		41921E58280D6B1E0012272F /* Resources */ = {
			isa = PBXResourcesBuildPhase;
			buildActionMask = 2147483647;
			files = (
			);
			runOnlyForDeploymentPostprocessing = 0;
		};
/* End PBXResourcesBuildPhase section */

/* Begin PBXShellScriptBuildPhase section */
		024BF92217C689E54CAD4BFA /* [CP] Check Pods Manifest.lock */ = {
			isa = PBXShellScriptBuildPhase;
			buildActionMask = 2147483647;
			files = (
			);
			inputFileListPaths = (
			);
			inputPaths = (
				"${PODS_PODFILE_DIR_PATH}/Podfile.lock",
				"${PODS_ROOT}/Manifest.lock",
			);
			name = "[CP] Check Pods Manifest.lock";
			outputFileListPaths = (
			);
			outputPaths = (
				"$(DERIVED_FILE_DIR)/Pods-InstaKilo-InstaKiloUITests-checkManifestLockResult.txt",
			);
			runOnlyForDeploymentPostprocessing = 0;
			shellPath = /bin/sh;
			shellScript = "diff \"${PODS_PODFILE_DIR_PATH}/Podfile.lock\" \"${PODS_ROOT}/Manifest.lock\" > /dev/null\nif [ $? != 0 ] ; then\n    # print error to STDERR\n    echo \"error: The sandbox is not in sync with the Podfile.lock. Run 'pod install' or update your CocoaPods installation.\" >&2\n    exit 1\nfi\n# This output is used by Xcode 'outputs' to avoid re-running this script phase.\necho \"SUCCESS\" > \"${SCRIPT_OUTPUT_FILE_0}\"\n";
			showEnvVarsInLog = 0;
		};
		392D26B5B31A12DFA9371060 /* [CP] Embed Pods Frameworks */ = {
			isa = PBXShellScriptBuildPhase;
			buildActionMask = 2147483647;
			files = (
			);
			inputFileListPaths = (
				"${PODS_ROOT}/Target Support Files/Pods-InstaKiloTests/Pods-InstaKiloTests-frameworks-${CONFIGURATION}-input-files.xcfilelist",
			);
			name = "[CP] Embed Pods Frameworks";
			outputFileListPaths = (
				"${PODS_ROOT}/Target Support Files/Pods-InstaKiloTests/Pods-InstaKiloTests-frameworks-${CONFIGURATION}-output-files.xcfilelist",
			);
			runOnlyForDeploymentPostprocessing = 0;
			shellPath = /bin/sh;
			shellScript = "\"${PODS_ROOT}/Target Support Files/Pods-InstaKiloTests/Pods-InstaKiloTests-frameworks.sh\"\n";
			showEnvVarsInLog = 0;
		};
		3FCCE7090F8696EBCF123D96 /* [CP] Check Pods Manifest.lock */ = {
			isa = PBXShellScriptBuildPhase;
			buildActionMask = 2147483647;
			files = (
			);
			inputFileListPaths = (
			);
			inputPaths = (
				"${PODS_PODFILE_DIR_PATH}/Podfile.lock",
				"${PODS_ROOT}/Manifest.lock",
			);
			name = "[CP] Check Pods Manifest.lock";
			outputFileListPaths = (
			);
			outputPaths = (
				"$(DERIVED_FILE_DIR)/Pods-InstaKiloTests-checkManifestLockResult.txt",
			);
			runOnlyForDeploymentPostprocessing = 0;
			shellPath = /bin/sh;
			shellScript = "diff \"${PODS_PODFILE_DIR_PATH}/Podfile.lock\" \"${PODS_ROOT}/Manifest.lock\" > /dev/null\nif [ $? != 0 ] ; then\n    # print error to STDERR\n    echo \"error: The sandbox is not in sync with the Podfile.lock. Run 'pod install' or update your CocoaPods installation.\" >&2\n    exit 1\nfi\n# This output is used by Xcode 'outputs' to avoid re-running this script phase.\necho \"SUCCESS\" > \"${SCRIPT_OUTPUT_FILE_0}\"\n";
			showEnvVarsInLog = 0;
		};
		8905B3A70813B81A153ACD50 /* [CP] Check Pods Manifest.lock */ = {
			isa = PBXShellScriptBuildPhase;
			buildActionMask = 2147483647;
			files = (
			);
			inputFileListPaths = (
			);
			inputPaths = (
				"${PODS_PODFILE_DIR_PATH}/Podfile.lock",
				"${PODS_ROOT}/Manifest.lock",
			);
			name = "[CP] Check Pods Manifest.lock";
			outputFileListPaths = (
			);
			outputPaths = (
				"$(DERIVED_FILE_DIR)/Pods-InstaKilo-checkManifestLockResult.txt",
			);
			runOnlyForDeploymentPostprocessing = 0;
			shellPath = /bin/sh;
			shellScript = "diff \"${PODS_PODFILE_DIR_PATH}/Podfile.lock\" \"${PODS_ROOT}/Manifest.lock\" > /dev/null\nif [ $? != 0 ] ; then\n    # print error to STDERR\n    echo \"error: The sandbox is not in sync with the Podfile.lock. Run 'pod install' or update your CocoaPods installation.\" >&2\n    exit 1\nfi\n# This output is used by Xcode 'outputs' to avoid re-running this script phase.\necho \"SUCCESS\" > \"${SCRIPT_OUTPUT_FILE_0}\"\n";
			showEnvVarsInLog = 0;
		};
		BD36109D07E124FE9EA8F553 /* [CP] Embed Pods Frameworks */ = {
			isa = PBXShellScriptBuildPhase;
			buildActionMask = 2147483647;
			files = (
			);
			inputFileListPaths = (
				"${PODS_ROOT}/Target Support Files/Pods-InstaKilo/Pods-InstaKilo-frameworks-${CONFIGURATION}-input-files.xcfilelist",
			);
			name = "[CP] Embed Pods Frameworks";
			outputFileListPaths = (
				"${PODS_ROOT}/Target Support Files/Pods-InstaKilo/Pods-InstaKilo-frameworks-${CONFIGURATION}-output-files.xcfilelist",
			);
			runOnlyForDeploymentPostprocessing = 0;
			shellPath = /bin/sh;
			shellScript = "\"${PODS_ROOT}/Target Support Files/Pods-InstaKilo/Pods-InstaKilo-frameworks.sh\"\n";
			showEnvVarsInLog = 0;
		};
		BEA2C17DE19EB346E13DA374 /* [CP] Embed Pods Frameworks */ = {
			isa = PBXShellScriptBuildPhase;
			buildActionMask = 2147483647;
			files = (
			);
			inputFileListPaths = (
				"${PODS_ROOT}/Target Support Files/Pods-InstaKilo-InstaKiloUITests/Pods-InstaKilo-InstaKiloUITests-frameworks-${CONFIGURATION}-input-files.xcfilelist",
			);
			name = "[CP] Embed Pods Frameworks";
			outputFileListPaths = (
				"${PODS_ROOT}/Target Support Files/Pods-InstaKilo-InstaKiloUITests/Pods-InstaKilo-InstaKiloUITests-frameworks-${CONFIGURATION}-output-files.xcfilelist",
			);
			runOnlyForDeploymentPostprocessing = 0;
			shellPath = /bin/sh;
			shellScript = "\"${PODS_ROOT}/Target Support Files/Pods-InstaKilo-InstaKiloUITests/Pods-InstaKilo-InstaKiloUITests-frameworks.sh\"\n";
			showEnvVarsInLog = 0;
		};
/* End PBXShellScriptBuildPhase section */

/* Begin PBXSourcesBuildPhase section */
		41921E36280D6B1C0012272F /* Sources */ = {
			isa = PBXSourcesBuildPhase;
			buildActionMask = 2147483647;
			files = (
				41D3ADAB280EDA3A002B8FD0 /* UrlBuilder.swift in Sources */,
				41D3ADCA281020EF002B8FD0 /* DashboardViewModel.swift in Sources */,
				41D3AD68280EBBB1002B8FD0 /* String.swift in Sources */,
				41D3AD6B280EBBB1002B8FD0 /* Optional.swift in Sources */,
				41D3AD8D280EBF8B002B8FD0 /* UserManager.swift in Sources */,
				41D3ADBE28100100002B8FD0 /* LoginResponse.swift in Sources */,
				41D3AD7E280EBBD1002B8FD0 /* UICollectionView.swift in Sources */,
				41D3ADA0280ED568002B8FD0 /* LoginViewModel.swift in Sources */,
				41D3AD6C280EBBB1002B8FD0 /* Float.swift in Sources */,
				41D3ADD228102706002B8FD0 /* NetworkAdapter.swift in Sources */,
				41D3ADA9280EDA3A002B8FD0 /* EndPointProtocol.swift in Sources */,
				41D3ADBA280FFEDE002B8FD0 /* AppUrls.swift in Sources */,
				41D3ADBC281000E9002B8FD0 /* LoginRequest.swift in Sources */,
				41D3AD64280EBBB1002B8FD0 /* Date.swift in Sources */,
				41921E42280D6B1C0012272F /* ViewController.swift in Sources */,
				41D3ADCF28102588002B8FD0 /* NetworkKeys.swift in Sources */,
				41D3AD59280EBA2B002B8FD0 /* Utilities.swift in Sources */,
				41D3AD88280EBCC0002B8FD0 /* Coordinator.swift in Sources */,
				41D3AD90280EBFB6002B8FD0 /* AppConstants.swift in Sources */,
				41921E3E280D6B1C0012272F /* AppDelegate.swift in Sources */,
				41D3AD66280EBBB1002B8FD0 /* NSAttributedString.swift in Sources */,
				41D3AD65280EBBB1002B8FD0 /* Array.swift in Sources */,
				41D3AD80280EBBD1002B8FD0 /* UITextField.swift in Sources */,
				41D3AD81280EBBD1002B8FD0 /* UIImage.swift in Sources */,
				41D3ADB6280FC617002B8FD0 /* BaseRequestModel.swift in Sources */,
				41D3ADB4280FBD5E002B8FD0 /* ViewIdentifiable.swift in Sources */,
				41D3AD82280EBBD1002B8FD0 /* UIViewController.swift in Sources */,
				41D3ADAA280EDA3A002B8FD0 /* EndPointBuilder.swift in Sources */,
				41921E6F280E7F200012272F /* Enviroment.swift in Sources */,
				41D3AD8A280EBCFC002B8FD0 /* Storyboarded.swift in Sources */,
				41921E40280D6B1C0012272F /* SceneDelegate.swift in Sources */,
				41D3ADB2280EDC82002B8FD0 /* NetworkCaller.swift in Sources */,
				41D3ADC728102084002B8FD0 /* DashboardViewController.swift in Sources */,
				41D3AD7A280EBBD1002B8FD0 /* UIView.swift in Sources */,
				41D3AD7C280EBBD1002B8FD0 /* UINavigationController+Extenstion.swift in Sources */,
				41D3AD86280EBCA8002B8FD0 /* NibLoadable.swift in Sources */,
				41D3ADD428102722002B8FD0 /* NetworkRetrier.swift in Sources */,
				41D3ADCD281024EF002B8FD0 /* TokenManager.swift in Sources */,
				41D3AD99280ED23C002B8FD0 /* LoginViewController.swift in Sources */,
				41D3AD3E280EAF2F002B8FD0 /* HapticFeed.swift in Sources */,
				41D3AD83280EBBD1002B8FD0 /* CGFloat.swift in Sources */,
				41D3AD67280EBBB1002B8FD0 /* Int.swift in Sources */,
				41D3ADC028100309002B8FD0 /* AuthEndPoints.swift in Sources */,
				41D3AD7F280EBBD1002B8FD0 /* UITableView.swift in Sources */,
				41D3AD7B280EBBD1002B8FD0 /* SceneDelegate+Extension.swift in Sources */,
				41D3ADAE280EDAFF002B8FD0 /* HttpMethods.swift in Sources */,
				41D3ADA3280ED763002B8FD0 /* ApiClient.swift in Sources */,
				41D3AD84280EBBD1002B8FD0 /* UIApplication.swift in Sources */,
				41D3AD7D280EBBD1002B8FD0 /* UIColor.swift in Sources */,
				41D3ADB0280EDBBF002B8FD0 /* NetworkError.swift in Sources */,
				41D3AD69280EBBB1002B8FD0 /* Double.swift in Sources */,
				41D3AD41280EB11B002B8FD0 /* StoreReviewHelper.swift in Sources */,
				41D3ADB8280FFEAB002B8FD0 /* AppTarget.swift in Sources */,
				41D3AD6A280EBBB1002B8FD0 /* Bool.swift in Sources */,
			);
			runOnlyForDeploymentPostprocessing = 0;
		};
		41921E4C280D6B1E0012272F /* Sources */ = {
			isa = PBXSourcesBuildPhase;
			buildActionMask = 2147483647;
			files = (
				41921E55280D6B1E0012272F /* InstaKiloTests.swift in Sources */,
			);
			runOnlyForDeploymentPostprocessing = 0;
		};
		41921E56280D6B1E0012272F /* Sources */ = {
			isa = PBXSourcesBuildPhase;
			buildActionMask = 2147483647;
			files = (
				41921E5F280D6B1E0012272F /* InstaKiloUITests.swift in Sources */,
				41921E61280D6B1E0012272F /* InstaKiloUITestsLaunchTests.swift in Sources */,
			);
			runOnlyForDeploymentPostprocessing = 0;
		};
/* End PBXSourcesBuildPhase section */

/* Begin PBXTargetDependency section */
		41921E52280D6B1E0012272F /* PBXTargetDependency */ = {
			isa = PBXTargetDependency;
			target = 41921E39280D6B1C0012272F /* InstaKilo */;
			targetProxy = 41921E51280D6B1E0012272F /* PBXContainerItemProxy */;
		};
		41921E5C280D6B1E0012272F /* PBXTargetDependency */ = {
			isa = PBXTargetDependency;
			target = 41921E39280D6B1C0012272F /* InstaKilo */;
			targetProxy = 41921E5B280D6B1E0012272F /* PBXContainerItemProxy */;
		};
/* End PBXTargetDependency section */

/* Begin PBXVariantGroup section */
		41921E43280D6B1C0012272F /* Main.storyboard */ = {
			isa = PBXVariantGroup;
			children = (
				41921E44280D6B1C0012272F /* Base */,
			);
			name = Main.storyboard;
			sourceTree = "<group>";
		};
		41921E48280D6B1E0012272F /* LaunchScreen.storyboard */ = {
			isa = PBXVariantGroup;
			children = (
				41921E49280D6B1E0012272F /* Base */,
			);
			name = LaunchScreen.storyboard;
			sourceTree = "<group>";
		};
/* End PBXVariantGroup section */

/* Begin XCBuildConfiguration section */
		41921E62280D6B1E0012272F /* Debug */ = {
			isa = XCBuildConfiguration;
			baseConfigurationReference = 41921E72280E82120012272F /* Debug.xcconfig */;
			buildSettings = {
				ALWAYS_SEARCH_USER_PATHS = NO;
				CLANG_ANALYZER_NONNULL = YES;
				CLANG_ANALYZER_NUMBER_OBJECT_CONVERSION = YES_AGGRESSIVE;
				CLANG_CXX_LANGUAGE_STANDARD = "gnu++17";
				CLANG_ENABLE_MODULES = YES;
				CLANG_ENABLE_OBJC_ARC = YES;
				CLANG_ENABLE_OBJC_WEAK = YES;
				CLANG_WARN_BLOCK_CAPTURE_AUTORELEASING = YES;
				CLANG_WARN_BOOL_CONVERSION = YES;
				CLANG_WARN_COMMA = YES;
				CLANG_WARN_CONSTANT_CONVERSION = YES;
				CLANG_WARN_DEPRECATED_OBJC_IMPLEMENTATIONS = YES;
				CLANG_WARN_DIRECT_OBJC_ISA_USAGE = YES_ERROR;
				CLANG_WARN_DOCUMENTATION_COMMENTS = YES;
				CLANG_WARN_EMPTY_BODY = YES;
				CLANG_WARN_ENUM_CONVERSION = YES;
				CLANG_WARN_INFINITE_RECURSION = YES;
				CLANG_WARN_INT_CONVERSION = YES;
				CLANG_WARN_NON_LITERAL_NULL_CONVERSION = YES;
				CLANG_WARN_OBJC_IMPLICIT_RETAIN_SELF = YES;
				CLANG_WARN_OBJC_LITERAL_CONVERSION = YES;
				CLANG_WARN_OBJC_ROOT_CLASS = YES_ERROR;
				CLANG_WARN_QUOTED_INCLUDE_IN_FRAMEWORK_HEADER = YES;
				CLANG_WARN_RANGE_LOOP_ANALYSIS = YES;
				CLANG_WARN_STRICT_PROTOTYPES = YES;
				CLANG_WARN_SUSPICIOUS_MOVE = YES;
				CLANG_WARN_UNGUARDED_AVAILABILITY = YES_AGGRESSIVE;
				CLANG_WARN_UNREACHABLE_CODE = YES;
				CLANG_WARN__DUPLICATE_METHOD_MATCH = YES;
				COPY_PHASE_STRIP = NO;
				DEBUG_INFORMATION_FORMAT = dwarf;
				ENABLE_STRICT_OBJC_MSGSEND = YES;
				ENABLE_TESTABILITY = YES;
				"EXCLUDED_ARCHS[sdk=iphonesimulator*]" = arm64;
				GCC_C_LANGUAGE_STANDARD = gnu11;
				GCC_DYNAMIC_NO_PIC = NO;
				GCC_NO_COMMON_BLOCKS = YES;
				GCC_OPTIMIZATION_LEVEL = 0;
				GCC_PREPROCESSOR_DEFINITIONS = (
					"DEBUG=1",
					"$(inherited)",
				);
				GCC_WARN_64_TO_32_BIT_CONVERSION = YES;
				GCC_WARN_ABOUT_RETURN_TYPE = YES_ERROR;
				GCC_WARN_UNDECLARED_SELECTOR = YES;
				GCC_WARN_UNINITIALIZED_AUTOS = YES_AGGRESSIVE;
				GCC_WARN_UNUSED_FUNCTION = YES;
				GCC_WARN_UNUSED_VARIABLE = YES;
				IPHONEOS_DEPLOYMENT_TARGET = 13.0;
				MTL_ENABLE_DEBUG_INFO = INCLUDE_SOURCE;
				MTL_FAST_MATH = YES;
				ONLY_ACTIVE_ARCH = YES;
				SDKROOT = iphoneos;
				SWIFT_ACTIVE_COMPILATION_CONDITIONS = DEBUG;
				SWIFT_OPTIMIZATION_LEVEL = "-Onone";
			};
			name = Debug;
		};
		41921E63280D6B1E0012272F /* Release */ = {
			isa = XCBuildConfiguration;
			buildSettings = {
				ALWAYS_SEARCH_USER_PATHS = NO;
				CLANG_ANALYZER_NONNULL = YES;
				CLANG_ANALYZER_NUMBER_OBJECT_CONVERSION = YES_AGGRESSIVE;
				CLANG_CXX_LANGUAGE_STANDARD = "gnu++17";
				CLANG_ENABLE_MODULES = YES;
				CLANG_ENABLE_OBJC_ARC = YES;
				CLANG_ENABLE_OBJC_WEAK = YES;
				CLANG_WARN_BLOCK_CAPTURE_AUTORELEASING = YES;
				CLANG_WARN_BOOL_CONVERSION = YES;
				CLANG_WARN_COMMA = YES;
				CLANG_WARN_CONSTANT_CONVERSION = YES;
				CLANG_WARN_DEPRECATED_OBJC_IMPLEMENTATIONS = YES;
				CLANG_WARN_DIRECT_OBJC_ISA_USAGE = YES_ERROR;
				CLANG_WARN_DOCUMENTATION_COMMENTS = YES;
				CLANG_WARN_EMPTY_BODY = YES;
				CLANG_WARN_ENUM_CONVERSION = YES;
				CLANG_WARN_INFINITE_RECURSION = YES;
				CLANG_WARN_INT_CONVERSION = YES;
				CLANG_WARN_NON_LITERAL_NULL_CONVERSION = YES;
				CLANG_WARN_OBJC_IMPLICIT_RETAIN_SELF = YES;
				CLANG_WARN_OBJC_LITERAL_CONVERSION = YES;
				CLANG_WARN_OBJC_ROOT_CLASS = YES_ERROR;
				CLANG_WARN_QUOTED_INCLUDE_IN_FRAMEWORK_HEADER = YES;
				CLANG_WARN_RANGE_LOOP_ANALYSIS = YES;
				CLANG_WARN_STRICT_PROTOTYPES = YES;
				CLANG_WARN_SUSPICIOUS_MOVE = YES;
				CLANG_WARN_UNGUARDED_AVAILABILITY = YES_AGGRESSIVE;
				CLANG_WARN_UNREACHABLE_CODE = YES;
				CLANG_WARN__DUPLICATE_METHOD_MATCH = YES;
				COPY_PHASE_STRIP = NO;
				DEBUG_INFORMATION_FORMAT = "dwarf-with-dsym";
				ENABLE_NS_ASSERTIONS = NO;
				ENABLE_STRICT_OBJC_MSGSEND = YES;
				"EXCLUDED_ARCHS[sdk=iphonesimulator*]" = arm64;
				GCC_C_LANGUAGE_STANDARD = gnu11;
				GCC_NO_COMMON_BLOCKS = YES;
				GCC_WARN_64_TO_32_BIT_CONVERSION = YES;
				GCC_WARN_ABOUT_RETURN_TYPE = YES_ERROR;
				GCC_WARN_UNDECLARED_SELECTOR = YES;
				GCC_WARN_UNINITIALIZED_AUTOS = YES_AGGRESSIVE;
				GCC_WARN_UNUSED_FUNCTION = YES;
				GCC_WARN_UNUSED_VARIABLE = YES;
				IPHONEOS_DEPLOYMENT_TARGET = 13.0;
				MTL_ENABLE_DEBUG_INFO = NO;
				MTL_FAST_MATH = YES;
				SDKROOT = iphoneos;
				SWIFT_COMPILATION_MODE = wholemodule;
				SWIFT_OPTIMIZATION_LEVEL = "-O";
				VALIDATE_PRODUCT = YES;
			};
			name = Release;
		};
		41921E65280D6B1E0012272F /* Debug */ = {
			isa = XCBuildConfiguration;
			baseConfigurationReference = C07F0A61803E39CBAAACE568 /* Pods-InstaKilo.debug.xcconfig */;
			buildSettings = {
				ALWAYS_EMBED_SWIFT_STANDARD_LIBRARIES = "$(inherited)";
				ASSETCATALOG_COMPILER_APPICON_NAME = AppIcon;
				ASSETCATALOG_COMPILER_GLOBAL_ACCENT_COLOR_NAME = AccentColor;
				CODE_SIGN_STYLE = Automatic;
				CURRENT_PROJECT_VERSION = 1;
				DEVELOPMENT_TEAM = BQ4NDB8PH6;
				GENERATE_INFOPLIST_FILE = YES;
				INFOPLIST_FILE = InstaKilo/Info.plist;
				INFOPLIST_KEY_UIApplicationSupportsIndirectInputEvents = YES;
				INFOPLIST_KEY_UILaunchStoryboardName = LaunchScreen;
				INFOPLIST_KEY_UISupportedInterfaceOrientations_iPad = "UIInterfaceOrientationPortrait UIInterfaceOrientationPortraitUpsideDown UIInterfaceOrientationLandscapeLeft UIInterfaceOrientationLandscapeRight";
				INFOPLIST_KEY_UISupportedInterfaceOrientations_iPhone = "UIInterfaceOrientationPortrait UIInterfaceOrientationLandscapeLeft UIInterfaceOrientationLandscapeRight";
				IPHONEOS_DEPLOYMENT_TARGET = 13.0;
				LD_RUNPATH_SEARCH_PATHS = (
					"$(inherited)",
					"@executable_path/Frameworks",
				);
				MARKETING_VERSION = 1.0;
				PRODUCT_BUNDLE_IDENTIFIER = np.com.hemant.InstaKilo;
				PRODUCT_NAME = "$(TARGET_NAME)";
				SWIFT_EMIT_LOC_STRINGS = YES;
				SWIFT_VERSION = 5.0;
				TARGETED_DEVICE_FAMILY = "1,2";
			};
			name = Debug;
		};
		41921E66280D6B1E0012272F /* Release */ = {
			isa = XCBuildConfiguration;
			baseConfigurationReference = A0A9046481C8E99159FFC5B7 /* Pods-InstaKilo.release.xcconfig */;
			buildSettings = {
				ALWAYS_EMBED_SWIFT_STANDARD_LIBRARIES = "$(inherited)";
				ASSETCATALOG_COMPILER_APPICON_NAME = AppIcon;
				ASSETCATALOG_COMPILER_GLOBAL_ACCENT_COLOR_NAME = AccentColor;
				CODE_SIGN_STYLE = Automatic;
				CURRENT_PROJECT_VERSION = 1;
				DEVELOPMENT_TEAM = BQ4NDB8PH6;
				GENERATE_INFOPLIST_FILE = YES;
				INFOPLIST_FILE = InstaKilo/Info.plist;
				INFOPLIST_KEY_UIApplicationSupportsIndirectInputEvents = YES;
				INFOPLIST_KEY_UILaunchStoryboardName = LaunchScreen;
				INFOPLIST_KEY_UISupportedInterfaceOrientations_iPad = "UIInterfaceOrientationPortrait UIInterfaceOrientationPortraitUpsideDown UIInterfaceOrientationLandscapeLeft UIInterfaceOrientationLandscapeRight";
				INFOPLIST_KEY_UISupportedInterfaceOrientations_iPhone = "UIInterfaceOrientationPortrait UIInterfaceOrientationLandscapeLeft UIInterfaceOrientationLandscapeRight";
				IPHONEOS_DEPLOYMENT_TARGET = 13.0;
				LD_RUNPATH_SEARCH_PATHS = (
					"$(inherited)",
					"@executable_path/Frameworks",
				);
				MARKETING_VERSION = 1.0;
				PRODUCT_BUNDLE_IDENTIFIER = np.com.hemant.InstaKilo;
				PRODUCT_NAME = "$(TARGET_NAME)";
				SWIFT_EMIT_LOC_STRINGS = YES;
				SWIFT_VERSION = 5.0;
				TARGETED_DEVICE_FAMILY = "1,2";
			};
			name = Release;
		};
		41921E68280D6B1E0012272F /* Debug */ = {
			isa = XCBuildConfiguration;
			baseConfigurationReference = 81AF0E4FFDFD289232CE6023 /* Pods-InstaKiloTests.debug.xcconfig */;
			buildSettings = {
				ALWAYS_EMBED_SWIFT_STANDARD_LIBRARIES = "$(inherited)";
				BUNDLE_LOADER = "$(TEST_HOST)";
				CODE_SIGN_STYLE = Automatic;
				CURRENT_PROJECT_VERSION = 1;
				DEVELOPMENT_TEAM = BQ4NDB8PH6;
				GENERATE_INFOPLIST_FILE = YES;
				IPHONEOS_DEPLOYMENT_TARGET = 15.4;
				MARKETING_VERSION = 1.0;
				PRODUCT_BUNDLE_IDENTIFIER = np.com.hemant.InstaKiloTests;
				PRODUCT_NAME = "$(TARGET_NAME)";
				SWIFT_EMIT_LOC_STRINGS = NO;
				SWIFT_VERSION = 5.0;
				TARGETED_DEVICE_FAMILY = "1,2";
				TEST_HOST = "$(BUILT_PRODUCTS_DIR)/InstaKilo.app/InstaKilo";
			};
			name = Debug;
		};
		41921E69280D6B1E0012272F /* Release */ = {
			isa = XCBuildConfiguration;
			baseConfigurationReference = C8ECF7A22CCBC33E6A48B886 /* Pods-InstaKiloTests.release.xcconfig */;
			buildSettings = {
				ALWAYS_EMBED_SWIFT_STANDARD_LIBRARIES = "$(inherited)";
				BUNDLE_LOADER = "$(TEST_HOST)";
				CODE_SIGN_STYLE = Automatic;
				CURRENT_PROJECT_VERSION = 1;
				DEVELOPMENT_TEAM = BQ4NDB8PH6;
				GENERATE_INFOPLIST_FILE = YES;
				IPHONEOS_DEPLOYMENT_TARGET = 15.4;
				MARKETING_VERSION = 1.0;
				PRODUCT_BUNDLE_IDENTIFIER = np.com.hemant.InstaKiloTests;
				PRODUCT_NAME = "$(TARGET_NAME)";
				SWIFT_EMIT_LOC_STRINGS = NO;
				SWIFT_VERSION = 5.0;
				TARGETED_DEVICE_FAMILY = "1,2";
				TEST_HOST = "$(BUILT_PRODUCTS_DIR)/InstaKilo.app/InstaKilo";
			};
			name = Release;
		};
		41921E6B280D6B1E0012272F /* Debug */ = {
			isa = XCBuildConfiguration;
			baseConfigurationReference = EF3F905610CA207CD5D95200 /* Pods-InstaKilo-InstaKiloUITests.debug.xcconfig */;
			buildSettings = {
				ALWAYS_EMBED_SWIFT_STANDARD_LIBRARIES = "$(inherited)";
				CODE_SIGN_STYLE = Automatic;
				CURRENT_PROJECT_VERSION = 1;
				DEVELOPMENT_TEAM = BQ4NDB8PH6;
				GENERATE_INFOPLIST_FILE = YES;
				MARKETING_VERSION = 1.0;
				PRODUCT_BUNDLE_IDENTIFIER = np.com.hemant.InstaKiloUITests;
				PRODUCT_NAME = "$(TARGET_NAME)";
				SWIFT_EMIT_LOC_STRINGS = NO;
				SWIFT_VERSION = 5.0;
				TARGETED_DEVICE_FAMILY = "1,2";
				TEST_TARGET_NAME = InstaKilo;
			};
			name = Debug;
		};
		41921E6C280D6B1E0012272F /* Release */ = {
			isa = XCBuildConfiguration;
			baseConfigurationReference = 29E8F51A920BD15D60BEB4D2 /* Pods-InstaKilo-InstaKiloUITests.release.xcconfig */;
			buildSettings = {
				ALWAYS_EMBED_SWIFT_STANDARD_LIBRARIES = "$(inherited)";
				CODE_SIGN_STYLE = Automatic;
				CURRENT_PROJECT_VERSION = 1;
				DEVELOPMENT_TEAM = BQ4NDB8PH6;
				GENERATE_INFOPLIST_FILE = YES;
				MARKETING_VERSION = 1.0;
				PRODUCT_BUNDLE_IDENTIFIER = np.com.hemant.InstaKiloUITests;
				PRODUCT_NAME = "$(TARGET_NAME)";
				SWIFT_EMIT_LOC_STRINGS = NO;
				SWIFT_VERSION = 5.0;
				TARGETED_DEVICE_FAMILY = "1,2";
				TEST_TARGET_NAME = InstaKilo;
			};
			name = Release;
		};
/* End XCBuildConfiguration section */

/* Begin XCConfigurationList section */
		41921E35280D6B1C0012272F /* Build configuration list for PBXProject "InstaKilo" */ = {
			isa = XCConfigurationList;
			buildConfigurations = (
				41921E62280D6B1E0012272F /* Debug */,
				41921E63280D6B1E0012272F /* Release */,
			);
			defaultConfigurationIsVisible = 0;
			defaultConfigurationName = Release;
		};
		41921E64280D6B1E0012272F /* Build configuration list for PBXNativeTarget "InstaKilo" */ = {
			isa = XCConfigurationList;
			buildConfigurations = (
				41921E65280D6B1E0012272F /* Debug */,
				41921E66280D6B1E0012272F /* Release */,
			);
			defaultConfigurationIsVisible = 0;
			defaultConfigurationName = Release;
		};
		41921E67280D6B1E0012272F /* Build configuration list for PBXNativeTarget "InstaKiloTests" */ = {
			isa = XCConfigurationList;
			buildConfigurations = (
				41921E68280D6B1E0012272F /* Debug */,
				41921E69280D6B1E0012272F /* Release */,
			);
			defaultConfigurationIsVisible = 0;
			defaultConfigurationName = Release;
		};
		41921E6A280D6B1E0012272F /* Build configuration list for PBXNativeTarget "InstaKiloUITests" */ = {
			isa = XCConfigurationList;
			buildConfigurations = (
				41921E6B280D6B1E0012272F /* Debug */,
				41921E6C280D6B1E0012272F /* Release */,
			);
			defaultConfigurationIsVisible = 0;
			defaultConfigurationName = Release;
		};
/* End XCConfigurationList section */
	};
	rootObject = 41921E32280D6B1C0012272F /* Project object */;
}
